
Microsoft Visual Studio Solution File, Format Version 12.00
# Visual Studio 15
VisualStudioVersion = 15.0.26430.6
MinimumVisualStudioVersion = 10.0.40219.1
Project("{FAE04EC0-301F-11D3-BF4B-00C04F79EFBC}") = "ExplorerPreview", "ExplorerPreview\ExplorerPreview.csproj", "{B9291129-83BA-4B52-B025-E5F1F7869151}"
EndProject
Project("{8BC9CEB8-8B4A-11D0-8D11-00A0C91BC942}") = "NativeHelpers", "..\..\Libs\NativeHelpers\NativeHelpers.vcxproj", "{938E65D0-EC9C-4181-87CA-A43D4747610D}"
EndProject
Global
	GlobalSection(SolutionConfigurationPlatforms) = preSolution
		Debug|x64 = Debug|x64
		Debug|x86 = Debug|x86
		Release|x64 = Release|x64
		Release|x86 = Release|x86
	EndGlobalSection
	GlobalSection(ProjectConfigurationPlatforms) = postSolution
		{B9291129-83BA-4B52-B025-E5F1F7869151}.Debug|x64.ActiveCfg = Debug|x64
		{B9291129-83BA-4B52-B025-E5F1F7869151}.Debug|x64.Build.0 = Debug|x64
		{B9291129-83BA-4B52-B025-E5F1F7869151}.Debug|x86.ActiveCfg = Debug|Any CPU
		{B9291129-83BA-4B52-B025-E5F1F7869151}.Debug|x86.Build.0 = Debug|Any CPU
		{B9291129-83BA-4B52-B025-E5F1F7869151}.Release|x64.ActiveCfg = Release|x64
		{B9291129-83BA-4B52-B025-E5F1F7869151}.Release|x64.Build.0 = Release|x64
		{B9291129-83BA-4B52-B025-E5F1F7869151}.Release|x86.ActiveCfg = Release|Any CPU
		{B9291129-83BA-4B52-B025-E5F1F7869151}.Release|x86.Build.0 = Release|Any CPU
		{938E65D0-EC9C-4181-87CA-A43D4747610D}.Debug|x64.ActiveCfg = Debug|Win32
		{938E65D0-EC9C-4181-87CA-A43D4747610D}.Debug|x64.Build.0 = Debug|Win32
		{938E65D0-EC9C-4181-87CA-A43D4747610D}.Debug|x86.ActiveCfg = Debug|Win32
		{938E65D0-EC9C-4181-87CA-A43D4747610D}.Debug|x86.Build.0 = Debug|Win32
		{938E65D0-EC9C-4181-87CA-A43D4747610D}.Release|x64.ActiveCfg = Release|Win32
		{938E65D0-EC9C-4181-87CA-A43D4747610D}.Release|x64.Build.0 = Release|Win32
		{938E65D0-EC9C-4181-87CA-A43D4747610D}.Release|x86.ActiveCfg = Release|Win32
		{938E65D0-EC9C-4181-87CA-A43D4747610D}.Release|x86.Build.0 = Release|Win32
	EndGlobalSection
	GlobalSection(SolutionProperties) = preSolution
		HideSolutionNode = FALSE
	EndGlobalSection
EndGlobal
